{
  "name": "app-6aba9d97f28c81918d45bb1b765f9cf0",
  "version": "1.0.2",
  "sourceDirectory": "./source/app-6aba9d97f28c81918d45bb1b765f9cf0",
  "archive": {
    "filename": "app-6aba9d97f28c81918d45bb1b765f9cf0-1.0.2.zip",
    "bytes": 128559,
    "sha256": "f4f91112ca0cd0977df8fb274db047f04dac6481fa4c3aa26b3ab309b13f1132",
    "compression": "deflate",
    "compressionLevel": 6,
    "timestamp": [
      2026,
      10,
      10,
      0,
      0,
      0
    ],
    "unixMode": "100644"
  },
  "files": {
    ".codex-plugin/plugin.json": {
      "bytes": 8615,
      "sha256": "5951587cfbbd94bf135b4bdff5ff5d949672fbb7713242ed9c215ec4084bc596"
    },
    ".mcp.json": {
      "bytes": 98,
      "sha256": "9c2ed26d4e6661d947d823b3503616789d5db820de690fe5b296903345e3d852"
    },
    "assets/composer-icon.png": {
      "bytes": 16650,
      "sha256": "389f57ed86a3e2f1d11a8e8c604fd4b01a3178c8c72ebdaf08cee467dd16adf5"
    },
    "assets/logo.png": {
      "bytes": 86023,
      "sha256": "773863a427182d607dfd199fb1dc3bc490cda1baacfd40427ab6f6d1b2b2a4c0"
    },
    "skills/instructions/SKILL.md": {
      "bytes": 10809,
      "sha256": "d0e98a603d1f8542fbe840753257ab526b2f3ff4c58093f4d2181023b291f5e2"
    },
    "skills/instructions/agents/openai.yaml": {
      "bytes": 170,
      "sha256": "808c21c6c1346efe23a4f3b779134fb006a503564a56deb3af5af2a224d9f448"
    },
    "skills/instructions/lookup/knowledge-index.json": {
      "bytes": 218,
      "sha256": "fe345819459e6d83110866b18451b6b79bd18fd3e1aa1e33ba91f38d4e6db213"
    },
    "skills/instructions/references/actions-contract.md": {
      "bytes": 9841,
      "sha256": "13876981a0853eb3cb9f587ecd8bd5dfaa9b05a882769e3d25be798532ac982a"
    },
    "skills/instructions/references/gpt-knowledge-base.md": {
      "bytes": 32446,
      "sha256": "115ad9c9a0a4a72184052953430be094c8596131db7fa37eed9b5da90a0b73e4"
    }
  }
}
